
Microsoft Visual Studio Solution File, Format Version 12.00
# Visual Studio 15
VisualStudioVersion = 15.0.27703.2042
MinimumVisualStudioVersion = 10.0.40219.1
Project("{FAE04EC0-301F-11D3-BF4B-00C04F79EFBC}") = "OLX.Web", "OLX.Web\OLX.Web.csproj", "{9A79BED8-AA36-4A84-A27E-5E0C764F99BD}"
EndProject
Global
	GlobalSection(SolutionConfigurationPlatforms) = preSolution
		Debug|Any CPU = Debug|Any CPU
		Release|Any CPU = Release|Any CPU
	EndGlobalSection
	GlobalSection(ProjectConfigurationPlatforms) = postSolution
		{9A79BED8-AA36-4A84-A27E-5E0C764F99BD}.Debug|Any CPU.ActiveCfg = Debug|Any CPU
		{9A79BED8-AA36-4A84-A27E-5E0C764F99BD}.Debug|Any CPU.Build.0 = Debug|Any CPU
		{9A79BED8-AA36-4A84-A27E-5E0C764F99BD}.Release|Any CPU.ActiveCfg = Release|Any CPU
		{9A79BED8-AA36-4A84-A27E-5E0C764F99BD}.Release|Any CPU.Build.0 = Release|Any CPU
	EndGlobalSection
	GlobalSection(SolutionProperties) = preSolution
		HideSolutionNode = FALSE
	EndGlobalSection
	GlobalSection(ExtensibilityGlobals) = postSolution
		SolutionGuid = {7298088F-3996-4773-A810-C5AC112729EB}
	EndGlobalSection
EndGlobal
